
Microsoft Visual Studio Solution File, Format Version 12.00
# Visual Studio Version 17
VisualStudioVersion = 17.7.34024.191
MinimumVisualStudioVersion = 10.0.40219.1
Project("{FAE04EC0-301F-11D3-BF4B-00C04F79EFBC}") = "kalkulačka", "kalkulačka\kalkulačka.csproj", "{B5C15CA4-BDF4-462F-8EC7-BAA9A2173732}"
EndProject
Global
	GlobalSection(SolutionConfigurationPlatforms) = preSolution
		Debug|Any CPU = Debug|Any CPU
		Release|Any CPU = Release|Any CPU
	EndGlobalSection
	GlobalSection(ProjectConfigurationPlatforms) = postSolution
		{B5C15CA4-BDF4-462F-8EC7-BAA9A2173732}.Debug|Any CPU.ActiveCfg = Debug|Any CPU
		{B5C15CA4-BDF4-462F-8EC7-BAA9A2173732}.Debug|Any CPU.Build.0 = Debug|Any CPU
		{B5C15CA4-BDF4-462F-8EC7-BAA9A2173732}.Release|Any CPU.ActiveCfg = Release|Any CPU
		{B5C15CA4-BDF4-462F-8EC7-BAA9A2173732}.Release|Any CPU.Build.0 = Release|Any CPU
	EndGlobalSection
	GlobalSection(SolutionProperties) = preSolution
		HideSolutionNode = FALSE
	EndGlobalSection
	GlobalSection(ExtensibilityGlobals) = postSolution
		SolutionGuid = {167DC6CA-EC01-4D8C-8C49-212ACF4C534F}
	EndGlobalSection
EndGlobal
