
Microsoft Visual Studio Solution File, Format Version 12.00
# Visual Studio Version 17
VisualStudioVersion = 17.7.34024.191
MinimumVisualStudioVersion = 10.0.40219.1
Project("{FAE04EC0-301F-11D3-BF4B-00C04F79EFBC}") = "dedicnost", "dedicnost\dedicnost.csproj", "{3876FEF4-933B-4892-9187-79069ACEC6BD}"
EndProject
Global
	GlobalSection(SolutionConfigurationPlatforms) = preSolution
		Debug|Any CPU = Debug|Any CPU
		Release|Any CPU = Release|Any CPU
	EndGlobalSection
	GlobalSection(ProjectConfigurationPlatforms) = postSolution
		{3876FEF4-933B-4892-9187-79069ACEC6BD}.Debug|Any CPU.ActiveCfg = Debug|Any CPU
		{3876FEF4-933B-4892-9187-79069ACEC6BD}.Debug|Any CPU.Build.0 = Debug|Any CPU
		{3876FEF4-933B-4892-9187-79069ACEC6BD}.Release|Any CPU.ActiveCfg = Release|Any CPU
		{3876FEF4-933B-4892-9187-79069ACEC6BD}.Release|Any CPU.Build.0 = Release|Any CPU
	EndGlobalSection
	GlobalSection(SolutionProperties) = preSolution
		HideSolutionNode = FALSE
	EndGlobalSection
	GlobalSection(ExtensibilityGlobals) = postSolution
		SolutionGuid = {A9C01FC9-BB8A-419E-A06E-6F09815C7FF9}
	EndGlobalSection
EndGlobal
